{
  "version": 4,
  "terraform_version": "0.12.9",
  "serial": 45,
  "lineage": "6f5635c7-30c6-1f05-7837-0deb4006a71d",
  "outputs": {},
  "resources": [
    {
      "mode": "managed",
      "type": "azurerm_network_interface",
      "name": "mendedi_rg_nic",
      "provider": "provider.azurerm",
      "instances": [
        {
          "schema_version": 0,
          "attributes": {
            "applied_dns_servers": [],
            "dns_servers": [],
            "enable_accelerated_networking": false,
            "enable_ip_forwarding": false,
            "id": "/subscriptions/7b9bb5a0-79c7-4ce1-a100-1801e8f05013/resourceGroups/mendedi_rg/providers/Microsoft.Network/networkInterfaces/mendedi_rg_nic",
            "internal_dns_name_label": "",
            "internal_fqdn": "",
            "ip_configuration": [
              {
                "application_gateway_backend_address_pools_ids": [],
                "application_security_group_ids": [],
                "load_balancer_backend_address_pools_ids": [],
                "load_balancer_inbound_nat_rules_ids": [],
                "name": "mendedi_rg_ip",
                "primary": true,
                "private_ip_address": "",
                "private_ip_address_allocation": "dynamic",
                "private_ip_address_version": "IPv4",
                "public_ip_address_id": "/subscriptions/7b9bb5a0-79c7-4ce1-a100-1801e8f05013/resourceGroups/mendedi_rg/providers/Microsoft.Network/publicIPAddresses/mendedi_rg_public_ip",
                "subnet_id": "/subscriptions/7b9bb5a0-79c7-4ce1-a100-1801e8f05013/resourceGroups/mendedi_rg/providers/Microsoft.Network/virtualNetworks/mendedi_rg_vnet/subnets/mendedi_rg_subnet"
              }
            ],
            "location": "canadacentral",
            "mac_address": "",
            "name": "mendedi_rg_nic",
            "network_security_group_id": "/subscriptions/7b9bb5a0-79c7-4ce1-a100-1801e8f05013/resourceGroups/mendedi_rg/providers/Microsoft.Network/networkSecurityGroups/mendedi_rg_nsg",
            "private_ip_address": "10.0.1.4",
            "private_ip_addresses": [
              "10.0.1.4"
            ],
            "resource_group_name": "mendedi_rg",
            "tags": {},
            "virtual_machine_id": null
          },
          "private": "bnVsbA==",
          "depends_on": [
            "azurerm_network_security_group.mendedi_rg_nsg",
            "azurerm_public_ip.mendedi_rg_public_ip",
            "azurerm_resource_group.mendedi_rg",
            "azurerm_subnet.mendedi_rg_subnet"
          ]
        }
      ]
    },
    {
      "mode": "managed",
      "type": "azurerm_network_security_group",
      "name": "mendedi_rg_nsg",
      "provider": "provider.azurerm",
      "instances": [
        {
          "schema_version": 0,
          "attributes": {
            "id": "/subscriptions/7b9bb5a0-79c7-4ce1-a100-1801e8f05013/resourceGroups/mendedi_rg/providers/Microsoft.Network/networkSecurityGroups/mendedi_rg_nsg",
            "location": "canadacentral",
            "name": "mendedi_rg_nsg",
            "resource_group_name": "mendedi_rg",
            "security_rule": [
              {
                "access": "Allow",
                "description": "",
                "destination_address_prefix": "*",
                "destination_address_prefixes": [],
                "destination_application_security_group_ids": [],
                "destination_port_range": "3389",
                "destination_port_ranges": [],
                "direction": "Inbound",
                "name": "RDP inbound",
                "priority": 100,
                "protocol": "TCP",
                "source_address_prefix": "*",
                "source_address_prefixes": [],
                "source_application_security_group_ids": [],
                "source_port_range": "*",
                "source_port_ranges": []
              }
            ],
            "tags": {}
          },
          "private": "bnVsbA==",
          "depends_on": [
            "azurerm_resource_group.mendedi_rg"
          ]
        }
      ]
    },
    {
      "mode": "managed",
      "type": "azurerm_network_security_rule",
      "name": "mendedi_rg_nsg_rule_rdp",
      "provider": "provider.azurerm",
      "instances": [
        {
          "schema_version": 0,
          "attributes": {
            "access": "Allow",
            "description": "",
            "destination_address_prefix": "*",
            "destination_address_prefixes": [],
            "destination_application_security_group_ids": [],
            "destination_port_range": "3389",
            "destination_port_ranges": [],
            "direction": "Inbound",
            "id": "/subscriptions/7b9bb5a0-79c7-4ce1-a100-1801e8f05013/resourceGroups/mendedi_rg/providers/Microsoft.Network/networkSecurityGroups/mendedi_rg_nsg/securityRules/RDP inbound",
            "name": "RDP inbound",
            "network_security_group_name": "mendedi_rg_nsg",
            "priority": 100,
            "protocol": "TCP",
            "resource_group_name": "mendedi_rg",
            "source_address_prefix": "*",
            "source_address_prefixes": [],
            "source_application_security_group_ids": [],
            "source_port_range": "*",
            "source_port_ranges": []
          },
          "private": "bnVsbA==",
          "depends_on": [
            "azurerm_network_security_group.mendedi_rg_nsg",
            "azurerm_resource_group.mendedi_rg"
          ]
        }
      ]
    },
    {
      "mode": "managed",
      "type": "azurerm_public_ip",
      "name": "mendedi_rg_public_ip",
      "provider": "provider.azurerm",
      "instances": [
        {
          "schema_version": 0,
          "attributes": {
            "allocation_method": "Static",
            "domain_name_label": null,
            "fqdn": null,
            "id": "/subscriptions/7b9bb5a0-79c7-4ce1-a100-1801e8f05013/resourceGroups/mendedi_rg/providers/Microsoft.Network/publicIPAddresses/mendedi_rg_public_ip",
            "idle_timeout_in_minutes": 4,
            "ip_address": "52.156.15.96",
            "ip_version": "IPv4",
            "location": "canadacentral",
            "name": "mendedi_rg_public_ip",
            "public_ip_address_allocation": "Static",
            "public_ip_prefix_id": null,
            "resource_group_name": "mendedi_rg",
            "reverse_fqdn": null,
            "sku": "Basic",
            "tags": {},
            "zones": []
          },
          "private": "bnVsbA==",
          "depends_on": [
            "azurerm_resource_group.mendedi_rg"
          ]
        }
      ]
    },
    {
      "mode": "managed",
      "type": "azurerm_resource_group",
      "name": "mendedi_rg",
      "provider": "provider.azurerm",
      "instances": [
        {
          "schema_version": 0,
          "attributes": {
            "id": "/subscriptions/7b9bb5a0-79c7-4ce1-a100-1801e8f05013/resourceGroups/mendedi_rg",
            "location": "canadacentral",
            "name": "mendedi_rg",
            "tags": {}
          },
          "private": "bnVsbA=="
        }
      ]
    },
    {
      "mode": "managed",
      "type": "azurerm_subnet",
      "name": "mendedi_rg_subnet",
      "provider": "provider.azurerm",
      "instances": [
        {
          "schema_version": 0,
          "attributes": {
            "address_prefix": "10.0.1.0/24",
            "delegation": [],
            "id": "/subscriptions/7b9bb5a0-79c7-4ce1-a100-1801e8f05013/resourceGroups/mendedi_rg/providers/Microsoft.Network/virtualNetworks/mendedi_rg_vnet/subnets/mendedi_rg_subnet",
            "ip_configurations": [
              "/subscriptions/7b9bb5a0-79c7-4ce1-a100-1801e8f05013/resourceGroups/mendedi_rg/providers/Microsoft.Network/networkInterfaces/mendedi_rg_nic/ipConfigurations/mendedi_rg_ip"
            ],
            "name": "mendedi_rg_subnet",
            "network_security_group_id": "",
            "resource_group_name": "mendedi_rg",
            "route_table_id": "",
            "service_endpoints": [],
            "virtual_network_name": "mendedi_rg_vnet"
          },
          "private": "bnVsbA==",
          "depends_on": [
            "azurerm_resource_group.mendedi_rg",
            "azurerm_virtual_network.mendedi_rg_vnet"
          ]
        }
      ]
    },
    {
      "mode": "managed",
      "type": "azurerm_virtual_machine",
      "name": "mendedi_rg_vm",
      "provider": "provider.azurerm",
      "instances": [
        {
          "schema_version": 0,
          "attributes": {
            "additional_capabilities": [],
            "availability_set_id": null,
            "boot_diagnostics": [],
            "delete_data_disks_on_termination": false,
            "delete_os_disk_on_termination": false,
            "id": "/subscriptions/7b9bb5a0-79c7-4ce1-a100-1801e8f05013/resourceGroups/mendedi_rg/providers/Microsoft.Compute/virtualMachines/mendedi_rg_vm",
            "identity": [],
            "license_type": null,
            "location": "canadacentral",
            "name": "mendedi_rg_vm",
            "network_interface_ids": [
              "/subscriptions/7b9bb5a0-79c7-4ce1-a100-1801e8f05013/resourceGroups/mendedi_rg/providers/Microsoft.Network/networkInterfaces/mendedi_rg_nic"
            ],
            "os_profile": [
              {
                "admin_password": "",
                "admin_username": "serviceaccount",
                "computer_name": "WindowsServer",
                "custom_data": ""
              }
            ],
            "os_profile_linux_config": [],
            "os_profile_secrets": [],
            "os_profile_windows_config": [
              {
                "additional_unattend_config": [],
                "enable_automatic_upgrades": false,
                "provision_vm_agent": false,
                "timezone": "",
                "winrm": []
              }
            ],
            "plan": [],
            "primary_network_interface_id": null,
            "proximity_placement_group_id": null,
            "resource_group_name": "mendedi_rg",
            "storage_data_disk": [],
            "storage_image_reference": [
              {
                "id": "",
                "offer": "WindowsServer",
                "publisher": "MicrosoftWindowsServer",
                "sku": "2016-Datacenter-Server-Core-smalldisk",
                "version": "latest"
              }
            ],
            "storage_os_disk": [
              {
                "caching": "ReadWrite",
                "create_option": "FromImage",
                "disk_size_gb": 30,
                "image_uri": "",
                "managed_disk_id": "/subscriptions/7b9bb5a0-79c7-4ce1-a100-1801e8f05013/resourceGroups/mendedi_rg/providers/Microsoft.Compute/disks/mendedi_rg_OS",
                "managed_disk_type": "Standard_LRS",
                "name": "mendedi_rg_OS",
                "os_type": "Windows",
                "vhd_uri": "",
                "write_accelerator_enabled": false
              }
            ],
            "tags": {},
            "vm_size": "Standard_B1s",
            "zones": null
          },
          "private": "bnVsbA==",
          "depends_on": [
            "azurerm_network_interface.mendedi_rg_nic",
            "azurerm_resource_group.mendedi_rg"
          ]
        }
      ]
    },
    {
      "mode": "managed",
      "type": "azurerm_virtual_network",
      "name": "mendedi_rg_vnet",
      "provider": "provider.azurerm",
      "instances": [
        {
          "schema_version": 0,
          "attributes": {
            "address_space": [
              "10.0.0.0/22"
            ],
            "ddos_protection_plan": [],
            "dns_servers": [],
            "id": "/subscriptions/7b9bb5a0-79c7-4ce1-a100-1801e8f05013/resourceGroups/mendedi_rg/providers/Microsoft.Network/virtualNetworks/mendedi_rg_vnet",
            "location": "canadacentral",
            "name": "mendedi_rg_vnet",
            "resource_group_name": "mendedi_rg",
            "subnet": [
              {
                "address_prefix": "10.0.1.0/24",
                "id": "/subscriptions/7b9bb5a0-79c7-4ce1-a100-1801e8f05013/resourceGroups/mendedi_rg/providers/Microsoft.Network/virtualNetworks/mendedi_rg_vnet/subnets/mendedi_rg_subnet",
                "name": "mendedi_rg_subnet",
                "security_group": ""
              }
            ],
            "tags": {}
          },
          "private": "bnVsbA==",
          "depends_on": [
            "azurerm_resource_group.mendedi_rg"
          ]
        }
      ]
    }
  ]
}
