{
  "version": 4,
  "terraform_version": "0.12.9",
  "serial": 182,
  "lineage": "6f5635c7-30c6-1f05-7837-0deb4006a71d",
  "outputs": {},
  "resources": [
    {
      "mode": "managed",
      "type": "azurerm_lb",
      "name": "mendedi-rg-lb",
      "provider": "provider.azurerm",
      "instances": [
        {
          "schema_version": 0,
          "attributes": {
            "frontend_ip_configuration": [
              {
                "inbound_nat_rules": [],
                "load_balancer_rules": [],
                "name": "mendedi-rg-lb-frontend-ip",
                "outbound_rules": [],
                "private_ip_address": "",
                "private_ip_address_allocation": "Dynamic",
                "public_ip_address_id": "/subscriptions/7b9bb5a0-79c7-4ce1-a100-1801e8f05013/resourceGroups/mendedi-rg/providers/Microsoft.Network/publicIPAddresses/mendedi-rg-public-ip",
                "public_ip_prefix_id": "",
                "subnet_id": "",
                "zones": null
              }
            ],
            "id": "/subscriptions/7b9bb5a0-79c7-4ce1-a100-1801e8f05013/resourceGroups/mendedi-rg/providers/Microsoft.Network/loadBalancers/mendedi-rg-lb",
            "location": "canadacentral",
            "name": "mendedi-rg-lb",
            "private_ip_address": "",
            "private_ip_addresses": [],
            "resource_group_name": "mendedi-rg",
            "sku": "Basic",
            "tags": {}
          },
          "private": "bnVsbA==",
          "depends_on": [
            "azurerm_public_ip.mendedi-rg-lb-public-ip",
            "azurerm_resource_group.mendedi-rg"
          ]
        }
      ]
    },
    {
      "mode": "managed",
      "type": "azurerm_lb_backend_address_pool",
      "name": "mendedi-rg-lb-backend-pool",
      "provider": "provider.azurerm",
      "instances": [
        {
          "schema_version": 0,
          "attributes": {
            "backend_ip_configurations": [],
            "id": "/subscriptions/7b9bb5a0-79c7-4ce1-a100-1801e8f05013/resourceGroups/mendedi-rg/providers/Microsoft.Network/loadBalancers/mendedi-rg-lb/backendAddressPools/mendedi-rg-lb-backend-pool",
            "load_balancing_rules": [],
            "loadbalancer_id": "/subscriptions/7b9bb5a0-79c7-4ce1-a100-1801e8f05013/resourceGroups/mendedi-rg/providers/Microsoft.Network/loadBalancers/mendedi-rg-lb",
            "location": null,
            "name": "mendedi-rg-lb-backend-pool",
            "resource_group_name": "mendedi-rg"
          },
          "private": "bnVsbA==",
          "depends_on": [
            "azurerm_lb.mendedi-rg-lb",
            "azurerm_resource_group.mendedi-rg"
          ]
        }
      ]
    },
    {
      "mode": "managed",
      "type": "azurerm_lb_probe",
      "name": "mendedi-rg-lb-http-probe",
      "provider": "provider.azurerm",
      "instances": [
        {
          "schema_version": 0,
          "attributes": {
            "id": "/subscriptions/7b9bb5a0-79c7-4ce1-a100-1801e8f05013/resourceGroups/mendedi-rg/providers/Microsoft.Network/loadBalancers/mendedi-rg-lb/probes/mendedi-rg-lb-http-probe",
            "interval_in_seconds": 15,
            "load_balancer_rules": [],
            "loadbalancer_id": "/subscriptions/7b9bb5a0-79c7-4ce1-a100-1801e8f05013/resourceGroups/mendedi-rg/providers/Microsoft.Network/loadBalancers/mendedi-rg-lb",
            "location": null,
            "name": "mendedi-rg-lb-http-probe",
            "number_of_probes": 2,
            "port": 80,
            "protocol": "Tcp",
            "request_path": "",
            "resource_group_name": "mendedi-rg"
          },
          "private": "bnVsbA==",
          "depends_on": [
            "azurerm_lb.mendedi-rg-lb",
            "azurerm_resource_group.mendedi-rg"
          ]
        }
      ]
    },
    {
      "mode": "managed",
      "type": "azurerm_lb_rule",
      "name": "mendedi-rg-lb-http-rule",
      "provider": "provider.azurerm",
      "instances": [
        {
          "schema_version": 0,
          "attributes": {
            "backend_address_pool_id": "/subscriptions/7b9bb5a0-79c7-4ce1-a100-1801e8f05013/resourceGroups/mendedi-rg/providers/Microsoft.Network/loadBalancers/mendedi-rg-lb/backendAddressPools/mendedi-rg-lb-backend-pool",
            "backend_port": 80,
            "disable_outbound_snat": false,
            "enable_floating_ip": false,
            "frontend_ip_configuration_id": "/subscriptions/7b9bb5a0-79c7-4ce1-a100-1801e8f05013/resourceGroups/mendedi-rg/providers/Microsoft.Network/loadBalancers/mendedi-rg-lb/frontendIPConfigurations/mendedi-rg-lb-frontend-ip",
            "frontend_ip_configuration_name": "mendedi-rg-lb-frontend-ip",
            "frontend_port": 80,
            "id": "/subscriptions/7b9bb5a0-79c7-4ce1-a100-1801e8f05013/resourceGroups/mendedi-rg/providers/Microsoft.Network/loadBalancers/mendedi-rg-lb/loadBalancingRules/mendedi-rg-lb-http-probe",
            "idle_timeout_in_minutes": 4,
            "load_distribution": "Default",
            "loadbalancer_id": "/subscriptions/7b9bb5a0-79c7-4ce1-a100-1801e8f05013/resourceGroups/mendedi-rg/providers/Microsoft.Network/loadBalancers/mendedi-rg-lb",
            "location": null,
            "name": "mendedi-rg-lb-http-probe",
            "probe_id": "/subscriptions/7b9bb5a0-79c7-4ce1-a100-1801e8f05013/resourceGroups/mendedi-rg/providers/Microsoft.Network/loadBalancers/mendedi-rg-lb/probes/mendedi-rg-lb-http-probe",
            "protocol": "Tcp",
            "resource_group_name": "mendedi-rg"
          },
          "private": "bnVsbA==",
          "depends_on": [
            "azurerm_lb.mendedi-rg-lb",
            "azurerm_lb_backend_address_pool.mendedi-rg-lb-backend-pool",
            "azurerm_lb_probe.mendedi-rg-lb-http-probe",
            "azurerm_resource_group.mendedi-rg"
          ]
        }
      ]
    },
    {
      "mode": "managed",
      "type": "azurerm_network_security_group",
      "name": "mendedi-rg-nsg",
      "provider": "provider.azurerm",
      "instances": [
        {
          "schema_version": 0,
          "attributes": {
            "id": "/subscriptions/7b9bb5a0-79c7-4ce1-a100-1801e8f05013/resourceGroups/mendedi-rg/providers/Microsoft.Network/networkSecurityGroups/mendedi-rg-nsg",
            "location": "canadacentral",
            "name": "mendedi-rg-nsg",
            "resource_group_name": "mendedi-rg",
            "security_rule": [],
            "tags": {}
          },
          "private": "bnVsbA==",
          "depends_on": [
            "azurerm_resource_group.mendedi-rg"
          ]
        }
      ]
    },
    {
      "mode": "managed",
      "type": "azurerm_network_security_rule",
      "name": "mendedi-rg-nsg-rule-http",
      "provider": "provider.azurerm",
      "instances": [
        {
          "schema_version": 0,
          "attributes": {
            "access": "Allow",
            "description": "",
            "destination_address_prefix": "*",
            "destination_address_prefixes": null,
            "destination_application_security_group_ids": null,
            "destination_port_range": "80",
            "destination_port_ranges": null,
            "direction": "Inbound",
            "id": "/subscriptions/7b9bb5a0-79c7-4ce1-a100-1801e8f05013/resourceGroups/mendedi-rg/providers/Microsoft.Network/networkSecurityGroups/mendedi-rg-nsg/securityRules/HTTP inbound",
            "name": "HTTP inbound",
            "network_security_group_name": "mendedi-rg-nsg",
            "priority": 100,
            "protocol": "TCP",
            "resource_group_name": "mendedi-rg",
            "source_address_prefix": "*",
            "source_address_prefixes": null,
            "source_application_security_group_ids": null,
            "source_port_range": "*",
            "source_port_ranges": null
          },
          "private": "bnVsbA==",
          "depends_on": [
            "azurerm_network_security_group.mendedi-rg-nsg",
            "azurerm_resource_group.mendedi-rg"
          ]
        }
      ]
    },
    {
      "mode": "managed",
      "type": "azurerm_public_ip",
      "name": "mendedi-rg-lb-public-ip",
      "provider": "provider.azurerm",
      "instances": [
        {
          "schema_version": 0,
          "attributes": {
            "allocation_method": "Dynamic",
            "domain_name_label": "learning-tf-jayrm",
            "fqdn": "learning-tf-jayrm.canadacentral.cloudapp.azure.com",
            "id": "/subscriptions/7b9bb5a0-79c7-4ce1-a100-1801e8f05013/resourceGroups/mendedi-rg/providers/Microsoft.Network/publicIPAddresses/mendedi-rg-public-ip",
            "idle_timeout_in_minutes": 4,
            "ip_address": "",
            "ip_version": "IPv4",
            "location": "canadacentral",
            "name": "mendedi-rg-public-ip",
            "public_ip_address_allocation": "Dynamic",
            "public_ip_prefix_id": null,
            "resource_group_name": "mendedi-rg",
            "reverse_fqdn": "",
            "sku": "Basic",
            "tags": {},
            "zones": null
          },
          "private": "bnVsbA==",
          "depends_on": [
            "azurerm_resource_group.mendedi-rg"
          ]
        }
      ]
    },
    {
      "mode": "managed",
      "type": "azurerm_resource_group",
      "name": "mendedi-rg",
      "provider": "provider.azurerm",
      "instances": [
        {
          "schema_version": 0,
          "attributes": {
            "id": "/subscriptions/7b9bb5a0-79c7-4ce1-a100-1801e8f05013/resourceGroups/mendedi-rg",
            "location": "canadacentral",
            "name": "mendedi-rg",
            "tags": {
              "build-version": "1.0.0",
              "environment": "development"
            }
          },
          "private": "bnVsbA=="
        }
      ]
    },
    {
      "mode": "managed",
      "type": "azurerm_subnet",
      "name": "mendedi-rg-subnet",
      "provider": "provider.azurerm",
      "instances": [
        {
          "schema_version": 0,
          "attributes": {
            "address_prefix": "10.0.1.0/24",
            "delegation": [],
            "id": "/subscriptions/7b9bb5a0-79c7-4ce1-a100-1801e8f05013/resourceGroups/mendedi-rg/providers/Microsoft.Network/virtualNetworks/mendedi-rg-vnet/subnets/mendedi-rg-subnet",
            "ip_configurations": [],
            "name": "mendedi-rg-subnet",
            "network_security_group_id": "",
            "resource_group_name": "mendedi-rg",
            "route_table_id": "",
            "service_endpoints": null,
            "virtual_network_name": "mendedi-rg-vnet"
          },
          "private": "bnVsbA==",
          "depends_on": [
            "azurerm_resource_group.mendedi-rg",
            "azurerm_virtual_network.mendedi-rg-vnet"
          ]
        }
      ]
    },
    {
      "mode": "managed",
      "type": "azurerm_subnet_network_security_group_association",
      "name": "mendedi-rg-nsg-association",
      "each": "list",
      "provider": "provider.azurerm",
      "instances": [
        {
          "index_key": 0,
          "schema_version": 0,
          "attributes": {
            "id": "/subscriptions/7b9bb5a0-79c7-4ce1-a100-1801e8f05013/resourceGroups/mendedi-rg/providers/Microsoft.Network/virtualNetworks/mendedi-rg-vnet/subnets/mendedi-rg-subnet",
            "network_security_group_id": "/subscriptions/7b9bb5a0-79c7-4ce1-a100-1801e8f05013/resourceGroups/mendedi-rg/providers/Microsoft.Network/networkSecurityGroups/mendedi-rg-nsg",
            "subnet_id": "/subscriptions/7b9bb5a0-79c7-4ce1-a100-1801e8f05013/resourceGroups/mendedi-rg/providers/Microsoft.Network/virtualNetworks/mendedi-rg-vnet/subnets/mendedi-rg-subnet"
          },
          "private": "bnVsbA==",
          "depends_on": [
            "azurerm_network_security_group.mendedi-rg-nsg",
            "azurerm_subnet.mendedi-rg-subnet"
          ]
        },
        {
          "index_key": 1,
          "schema_version": 0,
          "attributes": {
            "id": "/subscriptions/7b9bb5a0-79c7-4ce1-a100-1801e8f05013/resourceGroups/mendedi-rg/providers/Microsoft.Network/virtualNetworks/mendedi-rg-vnet/subnets/mendedi-rg-subnet",
            "network_security_group_id": "/subscriptions/7b9bb5a0-79c7-4ce1-a100-1801e8f05013/resourceGroups/mendedi-rg/providers/Microsoft.Network/networkSecurityGroups/mendedi-rg-nsg",
            "subnet_id": "/subscriptions/7b9bb5a0-79c7-4ce1-a100-1801e8f05013/resourceGroups/mendedi-rg/providers/Microsoft.Network/virtualNetworks/mendedi-rg-vnet/subnets/mendedi-rg-subnet"
          },
          "private": "bnVsbA==",
          "depends_on": [
            "azurerm_network_security_group.mendedi-rg-nsg",
            "azurerm_subnet.mendedi-rg-subnet"
          ]
        }
      ]
    },
    {
      "mode": "managed",
      "type": "azurerm_virtual_machine_scale_set",
      "name": "mendedi-rg-vm",
      "provider": "provider.azurerm",
      "instances": [
        {
          "schema_version": 1,
          "attributes": {
            "automatic_os_upgrade": false,
            "boot_diagnostics": [],
            "eviction_policy": "",
            "extension": [],
            "health_probe_id": null,
            "id": "/subscriptions/7b9bb5a0-79c7-4ce1-a100-1801e8f05013/resourceGroups/mendedi-rg/providers/Microsoft.Compute/virtualMachineScaleSets/wsrv-dev-scale-set",
            "identity": [],
            "license_type": "",
            "location": "canadacentral",
            "name": "wsrv-dev-scale-set",
            "network_profile": [
              {
                "accelerated_networking": false,
                "dns_settings": [
                  {
                    "dns_servers": []
                  }
                ],
                "ip_configuration": [
                  {
                    "application_gateway_backend_address_pool_ids": [],
                    "application_security_group_ids": [],
                    "load_balancer_backend_address_pool_ids": [
                      "/subscriptions/7b9bb5a0-79c7-4ce1-a100-1801e8f05013/resourceGroups/mendedi-rg/providers/Microsoft.Network/loadBalancers/mendedi-rg-lb/backendAddressPools/mendedi-rg-lb-backend-pool"
                    ],
                    "load_balancer_inbound_nat_rules_ids": [],
                    "name": "wsrv-dev",
                    "primary": true,
                    "public_ip_address_configuration": [],
                    "subnet_id": "/subscriptions/7b9bb5a0-79c7-4ce1-a100-1801e8f05013/resourceGroups/mendedi-rg/providers/Microsoft.Network/virtualNetworks/mendedi-rg-vnet/subnets/mendedi-rg-subnet"
                  }
                ],
                "ip_forwarding": false,
                "name": "mendedi-rg-network-profile",
                "network_security_group_id": "",
                "primary": true
              }
            ],
            "os_profile": [
              {
                "admin_password": "Canada1!",
                "admin_username": "serviceaccount",
                "computer_name_prefix": "wsrv-dev",
                "custom_data": ""
              }
            ],
            "os_profile_linux_config": [],
            "os_profile_secrets": [],
            "os_profile_windows_config": [
              {
                "additional_unattend_config": [],
                "enable_automatic_upgrades": null,
                "provision_vm_agent": null,
                "winrm": []
              }
            ],
            "overprovision": true,
            "plan": [],
            "priority": "",
            "proximity_placement_group_id": null,
            "resource_group_name": "mendedi-rg",
            "rolling_upgrade_policy": [],
            "single_placement_group": true,
            "sku": [
              {
                "capacity": 2,
                "name": "Standard_B1s",
                "tier": "Standard"
              }
            ],
            "storage_profile_data_disk": [],
            "storage_profile_image_reference": [
              {
                "id": "",
                "offer": "WindowsServer",
                "publisher": "MicrosoftWindowsServer",
                "sku": "2016-Datacenter-Server-Core-smalldisk",
                "version": "latest"
              }
            ],
            "storage_profile_os_disk": [
              {
                "caching": "ReadWrite",
                "create_option": "FromImage",
                "image": "",
                "managed_disk_type": "Standard_LRS",
                "name": "",
                "os_type": "",
                "vhd_containers": []
              }
            ],
            "tags": {},
            "upgrade_policy_mode": "Manual",
            "zones": null
          },
          "private": "eyJzY2hlbWFfdmVyc2lvbiI6IjEifQ==",
          "depends_on": [
            "azurerm_lb_backend_address_pool.mendedi-rg-lb-backend-pool",
            "azurerm_resource_group.mendedi-rg",
            "azurerm_subnet.mendedi-rg-subnet"
          ]
        }
      ]
    },
    {
      "mode": "managed",
      "type": "azurerm_virtual_network",
      "name": "mendedi-rg-vnet",
      "provider": "provider.azurerm",
      "instances": [
        {
          "schema_version": 0,
          "attributes": {
            "address_space": [
              "10.0.0.0/22"
            ],
            "ddos_protection_plan": [],
            "dns_servers": null,
            "id": "/subscriptions/7b9bb5a0-79c7-4ce1-a100-1801e8f05013/resourceGroups/mendedi-rg/providers/Microsoft.Network/virtualNetworks/mendedi-rg-vnet",
            "location": "canadacentral",
            "name": "mendedi-rg-vnet",
            "resource_group_name": "mendedi-rg",
            "subnet": [],
            "tags": {}
          },
          "private": "bnVsbA==",
          "depends_on": [
            "azurerm_resource_group.mendedi-rg"
          ]
        }
      ]
    }
  ]
}
