{
  "version": 4,
  "terraform_version": "0.12.9",
  "serial": 77,
  "lineage": "b04f5093-a1c7-0f3c-4f73-94baf6b7d986",
  "outputs": {},
  "resources": [
    {
      "module": "module.centos-02",
      "mode": "managed",
      "type": "azurerm_network_interface",
      "name": "mendedi-linux-nic",
      "provider": "provider.azurerm",
      "instances": [
        {
          "schema_version": 0,
          "attributes": {
            "applied_dns_servers": [],
            "dns_servers": [],
            "enable_accelerated_networking": false,
            "enable_ip_forwarding": false,
            "id": "/subscriptions/7b9bb5a0-79c7-4ce1-a100-1801e8f05013/resourceGroups/mendedi-rg-02/providers/Microsoft.Network/networkInterfaces/mendedi-linux-02-nic",
            "internal_dns_name_label": "",
            "internal_fqdn": "",
            "ip_configuration": [
              {
                "application_gateway_backend_address_pools_ids": [],
                "application_security_group_ids": [],
                "load_balancer_backend_address_pools_ids": [],
                "load_balancer_inbound_nat_rules_ids": [],
                "name": "mendedi-linux-02-nic-ipconfig",
                "primary": true,
                "private_ip_address": "",
                "private_ip_address_allocation": "dynamic",
                "private_ip_address_version": "IPv4",
                "public_ip_address_id": "/subscriptions/7b9bb5a0-79c7-4ce1-a100-1801e8f05013/resourceGroups/mendedi-rg-02/providers/Microsoft.Network/publicIPAddresses/mendedi-linux-02-public-ip",
                "subnet_id": "/subscriptions/7b9bb5a0-79c7-4ce1-a100-1801e8f05013/resourceGroups/mendedi-rg-02/providers/Microsoft.Network/virtualNetworks/mendedi-linux-02-vnet/subnets/mendedi-linux-02-subnet"
              }
            ],
            "location": "canadacentral",
            "mac_address": "",
            "name": "mendedi-linux-02-nic",
            "network_security_group_id": "/subscriptions/7b9bb5a0-79c7-4ce1-a100-1801e8f05013/resourceGroups/mendedi-rg-02/providers/Microsoft.Network/networkSecurityGroups/mendedi-linux-02-nsg",
            "private_ip_address": "20.0.1.4",
            "private_ip_addresses": [
              "20.0.1.4"
            ],
            "resource_group_name": "mendedi-rg-02",
            "tags": {},
            "virtual_machine_id": null
          },
          "private": "bnVsbA==",
          "depends_on": [
            "azurerm_network_security_group.mendedi-linux-nsg",
            "azurerm_public_ip.mendedi-linux-public-ip",
            "azurerm_resource_group.mendedi-rg",
            "azurerm_subnet.mendedi-linux-subnet"
          ]
        }
      ]
    },
    {
      "module": "module.centos-01",
      "mode": "managed",
      "type": "azurerm_network_interface",
      "name": "mendedi-linux-nic",
      "provider": "provider.azurerm",
      "instances": [
        {
          "schema_version": 0,
          "attributes": {
            "applied_dns_servers": [],
            "dns_servers": [],
            "enable_accelerated_networking": false,
            "enable_ip_forwarding": false,
            "id": "/subscriptions/7b9bb5a0-79c7-4ce1-a100-1801e8f05013/resourceGroups/mendedi-rg-01/providers/Microsoft.Network/networkInterfaces/mendedi-linux-01-nic",
            "internal_dns_name_label": "",
            "internal_fqdn": "",
            "ip_configuration": [
              {
                "application_gateway_backend_address_pools_ids": [],
                "application_security_group_ids": [],
                "load_balancer_backend_address_pools_ids": [],
                "load_balancer_inbound_nat_rules_ids": [],
                "name": "mendedi-linux-01-nic-ipconfig",
                "primary": true,
                "private_ip_address": "",
                "private_ip_address_allocation": "dynamic",
                "private_ip_address_version": "IPv4",
                "public_ip_address_id": "/subscriptions/7b9bb5a0-79c7-4ce1-a100-1801e8f05013/resourceGroups/mendedi-rg-01/providers/Microsoft.Network/publicIPAddresses/mendedi-linux-01-public-ip",
                "subnet_id": "/subscriptions/7b9bb5a0-79c7-4ce1-a100-1801e8f05013/resourceGroups/mendedi-rg-01/providers/Microsoft.Network/virtualNetworks/mendedi-linux-01-vnet/subnets/mendedi-linux-01-subnet"
              }
            ],
            "location": "canadacentral",
            "mac_address": "",
            "name": "mendedi-linux-01-nic",
            "network_security_group_id": "/subscriptions/7b9bb5a0-79c7-4ce1-a100-1801e8f05013/resourceGroups/mendedi-rg-01/providers/Microsoft.Network/networkSecurityGroups/mendedi-linux-01-nsg",
            "private_ip_address": "10.0.1.4",
            "private_ip_addresses": [
              "10.0.1.4"
            ],
            "resource_group_name": "mendedi-rg-01",
            "tags": {},
            "virtual_machine_id": null
          },
          "private": "bnVsbA==",
          "depends_on": [
            "azurerm_network_security_group.mendedi-linux-nsg",
            "azurerm_public_ip.mendedi-linux-public-ip",
            "azurerm_resource_group.mendedi-rg",
            "azurerm_subnet.mendedi-linux-subnet"
          ]
        }
      ]
    },
    {
      "module": "module.centos-02",
      "mode": "managed",
      "type": "azurerm_network_security_group",
      "name": "mendedi-linux-nsg",
      "provider": "provider.azurerm",
      "instances": [
        {
          "schema_version": 0,
          "attributes": {
            "id": "/subscriptions/7b9bb5a0-79c7-4ce1-a100-1801e8f05013/resourceGroups/mendedi-rg-02/providers/Microsoft.Network/networkSecurityGroups/mendedi-linux-02-nsg",
            "location": "canadacentral",
            "name": "mendedi-linux-02-nsg",
            "resource_group_name": "mendedi-rg-02",
            "security_rule": [],
            "tags": {}
          },
          "private": "bnVsbA==",
          "depends_on": [
            "azurerm_resource_group.mendedi-rg"
          ]
        }
      ]
    },
    {
      "module": "module.centos-01",
      "mode": "managed",
      "type": "azurerm_network_security_group",
      "name": "mendedi-linux-nsg",
      "provider": "provider.azurerm",
      "instances": [
        {
          "schema_version": 0,
          "attributes": {
            "id": "/subscriptions/7b9bb5a0-79c7-4ce1-a100-1801e8f05013/resourceGroups/mendedi-rg-01/providers/Microsoft.Network/networkSecurityGroups/mendedi-linux-01-nsg",
            "location": "canadacentral",
            "name": "mendedi-linux-01-nsg",
            "resource_group_name": "mendedi-rg-01",
            "security_rule": [],
            "tags": {}
          },
          "private": "bnVsbA==",
          "depends_on": [
            "azurerm_resource_group.mendedi-rg"
          ]
        }
      ]
    },
    {
      "module": "module.centos-02",
      "mode": "managed",
      "type": "azurerm_network_security_rule",
      "name": "mendedi-linux-nsg-rule-ssh",
      "provider": "provider.azurerm",
      "instances": [
        {
          "schema_version": 0,
          "attributes": {
            "access": "Allow",
            "description": "",
            "destination_address_prefix": "*",
            "destination_address_prefixes": null,
            "destination_application_security_group_ids": null,
            "destination_port_range": "22",
            "destination_port_ranges": null,
            "direction": "Inbound",
            "id": "/subscriptions/7b9bb5a0-79c7-4ce1-a100-1801e8f05013/resourceGroups/mendedi-rg-02/providers/Microsoft.Network/networkSecurityGroups/mendedi-linux-02-nsg/securityRules/SSH inbound",
            "name": "SSH inbound",
            "network_security_group_name": "mendedi-linux-02-nsg",
            "priority": 100,
            "protocol": "TCP",
            "resource_group_name": "mendedi-rg-02",
            "source_address_prefix": "*",
            "source_address_prefixes": null,
            "source_application_security_group_ids": null,
            "source_port_range": "*",
            "source_port_ranges": null
          },
          "private": "bnVsbA==",
          "depends_on": [
            "azurerm_network_security_group.mendedi-linux-nsg",
            "azurerm_resource_group.mendedi-rg"
          ]
        }
      ]
    },
    {
      "module": "module.centos-01",
      "mode": "managed",
      "type": "azurerm_network_security_rule",
      "name": "mendedi-linux-nsg-rule-ssh",
      "provider": "provider.azurerm",
      "instances": [
        {
          "schema_version": 0,
          "attributes": {
            "access": "Allow",
            "description": "",
            "destination_address_prefix": "*",
            "destination_address_prefixes": null,
            "destination_application_security_group_ids": null,
            "destination_port_range": "22",
            "destination_port_ranges": null,
            "direction": "Inbound",
            "id": "/subscriptions/7b9bb5a0-79c7-4ce1-a100-1801e8f05013/resourceGroups/mendedi-rg-01/providers/Microsoft.Network/networkSecurityGroups/mendedi-linux-01-nsg/securityRules/SSH inbound",
            "name": "SSH inbound",
            "network_security_group_name": "mendedi-linux-01-nsg",
            "priority": 100,
            "protocol": "TCP",
            "resource_group_name": "mendedi-rg-01",
            "source_address_prefix": "*",
            "source_address_prefixes": null,
            "source_application_security_group_ids": null,
            "source_port_range": "*",
            "source_port_ranges": null
          },
          "private": "bnVsbA==",
          "depends_on": [
            "azurerm_network_security_group.mendedi-linux-nsg",
            "azurerm_resource_group.mendedi-rg"
          ]
        }
      ]
    },
    {
      "module": "module.centos-02",
      "mode": "managed",
      "type": "azurerm_public_ip",
      "name": "mendedi-linux-public-ip",
      "provider": "provider.azurerm",
      "instances": [
        {
          "schema_version": 0,
          "attributes": {
            "allocation_method": "Dynamic",
            "domain_name_label": null,
            "fqdn": null,
            "id": "/subscriptions/7b9bb5a0-79c7-4ce1-a100-1801e8f05013/resourceGroups/mendedi-rg-02/providers/Microsoft.Network/publicIPAddresses/mendedi-linux-02-public-ip",
            "idle_timeout_in_minutes": 4,
            "ip_address": "",
            "ip_version": "IPv4",
            "location": "canadacentral",
            "name": "mendedi-linux-02-public-ip",
            "public_ip_address_allocation": "Dynamic",
            "public_ip_prefix_id": null,
            "resource_group_name": "mendedi-rg-02",
            "reverse_fqdn": null,
            "sku": "Basic",
            "tags": {},
            "zones": null
          },
          "private": "bnVsbA==",
          "depends_on": [
            "azurerm_resource_group.mendedi-rg"
          ]
        }
      ]
    },
    {
      "module": "module.centos-01",
      "mode": "managed",
      "type": "azurerm_public_ip",
      "name": "mendedi-linux-public-ip",
      "provider": "provider.azurerm",
      "instances": [
        {
          "schema_version": 0,
          "attributes": {
            "allocation_method": "Dynamic",
            "domain_name_label": null,
            "fqdn": null,
            "id": "/subscriptions/7b9bb5a0-79c7-4ce1-a100-1801e8f05013/resourceGroups/mendedi-rg-01/providers/Microsoft.Network/publicIPAddresses/mendedi-linux-01-public-ip",
            "idle_timeout_in_minutes": 4,
            "ip_address": "",
            "ip_version": "IPv4",
            "location": "canadacentral",
            "name": "mendedi-linux-01-public-ip",
            "public_ip_address_allocation": "Dynamic",
            "public_ip_prefix_id": null,
            "resource_group_name": "mendedi-rg-01",
            "reverse_fqdn": null,
            "sku": "Basic",
            "tags": {},
            "zones": null
          },
          "private": "bnVsbA==",
          "depends_on": [
            "azurerm_resource_group.mendedi-rg"
          ]
        }
      ]
    },
    {
      "module": "module.centos-02",
      "mode": "managed",
      "type": "azurerm_resource_group",
      "name": "mendedi-rg",
      "provider": "provider.azurerm",
      "instances": [
        {
          "schema_version": 0,
          "attributes": {
            "id": "/subscriptions/7b9bb5a0-79c7-4ce1-a100-1801e8f05013/resourceGroups/mendedi-rg-02",
            "location": "canadacentral",
            "name": "mendedi-rg-02",
            "tags": {}
          },
          "private": "bnVsbA=="
        }
      ]
    },
    {
      "module": "module.centos-01",
      "mode": "managed",
      "type": "azurerm_resource_group",
      "name": "mendedi-rg",
      "provider": "provider.azurerm",
      "instances": [
        {
          "schema_version": 0,
          "attributes": {
            "id": "/subscriptions/7b9bb5a0-79c7-4ce1-a100-1801e8f05013/resourceGroups/mendedi-rg-01",
            "location": "canadacentral",
            "name": "mendedi-rg-01",
            "tags": {}
          },
          "private": "bnVsbA=="
        }
      ]
    },
    {
      "module": "module.centos-02",
      "mode": "managed",
      "type": "azurerm_subnet",
      "name": "mendedi-linux-subnet",
      "provider": "provider.azurerm",
      "instances": [
        {
          "schema_version": 0,
          "attributes": {
            "address_prefix": "20.0.1.0/24",
            "delegation": [],
            "id": "/subscriptions/7b9bb5a0-79c7-4ce1-a100-1801e8f05013/resourceGroups/mendedi-rg-02/providers/Microsoft.Network/virtualNetworks/mendedi-linux-02-vnet/subnets/mendedi-linux-02-subnet",
            "ip_configurations": [],
            "name": "mendedi-linux-02-subnet",
            "network_security_group_id": "",
            "resource_group_name": "mendedi-rg-02",
            "route_table_id": "",
            "service_endpoints": null,
            "virtual_network_name": "mendedi-linux-02-vnet"
          },
          "private": "bnVsbA==",
          "depends_on": [
            "azurerm_resource_group.mendedi-rg",
            "azurerm_virtual_network.mendedi-linux-vnet"
          ]
        }
      ]
    },
    {
      "module": "module.centos-01",
      "mode": "managed",
      "type": "azurerm_subnet",
      "name": "mendedi-linux-subnet",
      "provider": "provider.azurerm",
      "instances": [
        {
          "schema_version": 0,
          "attributes": {
            "address_prefix": "10.0.1.0/24",
            "delegation": [],
            "id": "/subscriptions/7b9bb5a0-79c7-4ce1-a100-1801e8f05013/resourceGroups/mendedi-rg-01/providers/Microsoft.Network/virtualNetworks/mendedi-linux-01-vnet/subnets/mendedi-linux-01-subnet",
            "ip_configurations": [],
            "name": "mendedi-linux-01-subnet",
            "network_security_group_id": "",
            "resource_group_name": "mendedi-rg-01",
            "route_table_id": "",
            "service_endpoints": null,
            "virtual_network_name": "mendedi-linux-01-vnet"
          },
          "private": "bnVsbA==",
          "depends_on": [
            "azurerm_resource_group.mendedi-rg",
            "azurerm_virtual_network.mendedi-linux-vnet"
          ]
        }
      ]
    },
    {
      "module": "module.centos-02",
      "mode": "managed",
      "type": "azurerm_subnet_network_security_group_association",
      "name": "mendedi-linux-nsg-association",
      "provider": "provider.azurerm",
      "instances": [
        {
          "schema_version": 0,
          "attributes": {
            "id": "/subscriptions/7b9bb5a0-79c7-4ce1-a100-1801e8f05013/resourceGroups/mendedi-rg-02/providers/Microsoft.Network/virtualNetworks/mendedi-linux-02-vnet/subnets/mendedi-linux-02-subnet",
            "network_security_group_id": "/subscriptions/7b9bb5a0-79c7-4ce1-a100-1801e8f05013/resourceGroups/mendedi-rg-02/providers/Microsoft.Network/networkSecurityGroups/mendedi-linux-02-nsg",
            "subnet_id": "/subscriptions/7b9bb5a0-79c7-4ce1-a100-1801e8f05013/resourceGroups/mendedi-rg-02/providers/Microsoft.Network/virtualNetworks/mendedi-linux-02-vnet/subnets/mendedi-linux-02-subnet"
          },
          "private": "bnVsbA==",
          "depends_on": [
            "azurerm_network_security_group.mendedi-linux-nsg",
            "azurerm_subnet.mendedi-linux-subnet"
          ]
        }
      ]
    },
    {
      "module": "module.centos-01",
      "mode": "managed",
      "type": "azurerm_subnet_network_security_group_association",
      "name": "mendedi-linux-nsg-association",
      "provider": "provider.azurerm",
      "instances": [
        {
          "schema_version": 0,
          "attributes": {
            "id": "/subscriptions/7b9bb5a0-79c7-4ce1-a100-1801e8f05013/resourceGroups/mendedi-rg-01/providers/Microsoft.Network/virtualNetworks/mendedi-linux-01-vnet/subnets/mendedi-linux-01-subnet",
            "network_security_group_id": "/subscriptions/7b9bb5a0-79c7-4ce1-a100-1801e8f05013/resourceGroups/mendedi-rg-01/providers/Microsoft.Network/networkSecurityGroups/mendedi-linux-01-nsg",
            "subnet_id": "/subscriptions/7b9bb5a0-79c7-4ce1-a100-1801e8f05013/resourceGroups/mendedi-rg-01/providers/Microsoft.Network/virtualNetworks/mendedi-linux-01-vnet/subnets/mendedi-linux-01-subnet"
          },
          "private": "bnVsbA==",
          "depends_on": [
            "azurerm_network_security_group.mendedi-linux-nsg",
            "azurerm_subnet.mendedi-linux-subnet"
          ]
        }
      ]
    },
    {
      "module": "module.centos-02",
      "mode": "managed",
      "type": "azurerm_virtual_machine",
      "name": "mendedi-linux",
      "provider": "provider.azurerm",
      "instances": [
        {
          "schema_version": 0,
          "attributes": {
            "additional_capabilities": [],
            "availability_set_id": null,
            "boot_diagnostics": [],
            "delete_data_disks_on_termination": false,
            "delete_os_disk_on_termination": false,
            "id": "/subscriptions/7b9bb5a0-79c7-4ce1-a100-1801e8f05013/resourceGroups/mendedi-rg-02/providers/Microsoft.Compute/virtualMachines/mendedi-linux-02",
            "identity": [],
            "license_type": null,
            "location": "canadacentral",
            "name": "mendedi-linux-02",
            "network_interface_ids": [
              "/subscriptions/7b9bb5a0-79c7-4ce1-a100-1801e8f05013/resourceGroups/mendedi-rg-02/providers/Microsoft.Network/networkInterfaces/mendedi-linux-02-nic"
            ],
            "os_profile": [
              {
                "admin_password": "",
                "admin_username": "serviceaccount",
                "computer_name": "Admin",
                "custom_data": ""
              }
            ],
            "os_profile_linux_config": [
              {
                "disable_password_authentication": false,
                "ssh_keys": []
              }
            ],
            "os_profile_secrets": [],
            "os_profile_windows_config": [],
            "plan": [],
            "primary_network_interface_id": null,
            "proximity_placement_group_id": null,
            "resource_group_name": "mendedi-rg-02",
            "storage_data_disk": [],
            "storage_image_reference": [
              {
                "id": "",
                "offer": "CentOS",
                "publisher": "OpenLogic",
                "sku": "7.6",
                "version": "latest"
              }
            ],
            "storage_os_disk": [
              {
                "caching": "ReadWrite",
                "create_option": "FromImage",
                "disk_size_gb": 30,
                "image_uri": "",
                "managed_disk_id": "/subscriptions/7b9bb5a0-79c7-4ce1-a100-1801e8f05013/resourceGroups/mendedi-rg-02/providers/Microsoft.Compute/disks/mendedi-linux-02-osdisk",
                "managed_disk_type": "Standard_LRS",
                "name": "mendedi-linux-02-osdisk",
                "os_type": "Linux",
                "vhd_uri": "",
                "write_accelerator_enabled": false
              }
            ],
            "tags": {},
            "vm_size": "Standard_B1s",
            "zones": null
          },
          "private": "bnVsbA==",
          "depends_on": [
            "azurerm_network_interface.mendedi-linux-nic",
            "azurerm_resource_group.mendedi-rg"
          ]
        }
      ]
    },
    {
      "module": "module.centos-01",
      "mode": "managed",
      "type": "azurerm_virtual_machine",
      "name": "mendedi-linux",
      "provider": "provider.azurerm",
      "instances": [
        {
          "schema_version": 0,
          "attributes": {
            "additional_capabilities": [],
            "availability_set_id": null,
            "boot_diagnostics": [],
            "delete_data_disks_on_termination": false,
            "delete_os_disk_on_termination": false,
            "id": "/subscriptions/7b9bb5a0-79c7-4ce1-a100-1801e8f05013/resourceGroups/mendedi-rg-01/providers/Microsoft.Compute/virtualMachines/mendedi-linux-01",
            "identity": [],
            "license_type": null,
            "location": "canadacentral",
            "name": "mendedi-linux-01",
            "network_interface_ids": [
              "/subscriptions/7b9bb5a0-79c7-4ce1-a100-1801e8f05013/resourceGroups/mendedi-rg-01/providers/Microsoft.Network/networkInterfaces/mendedi-linux-01-nic"
            ],
            "os_profile": [
              {
                "admin_password": "",
                "admin_username": "serviceaccount",
                "computer_name": "Admin",
                "custom_data": ""
              }
            ],
            "os_profile_linux_config": [
              {
                "disable_password_authentication": false,
                "ssh_keys": []
              }
            ],
            "os_profile_secrets": [],
            "os_profile_windows_config": [],
            "plan": [],
            "primary_network_interface_id": null,
            "proximity_placement_group_id": null,
            "resource_group_name": "mendedi-rg-01",
            "storage_data_disk": [],
            "storage_image_reference": [
              {
                "id": "",
                "offer": "CentOS",
                "publisher": "OpenLogic",
                "sku": "7.6",
                "version": "latest"
              }
            ],
            "storage_os_disk": [
              {
                "caching": "ReadWrite",
                "create_option": "FromImage",
                "disk_size_gb": 30,
                "image_uri": "",
                "managed_disk_id": "/subscriptions/7b9bb5a0-79c7-4ce1-a100-1801e8f05013/resourceGroups/mendedi-rg-01/providers/Microsoft.Compute/disks/mendedi-linux-01-osdisk",
                "managed_disk_type": "Standard_LRS",
                "name": "mendedi-linux-01-osdisk",
                "os_type": "Linux",
                "vhd_uri": "",
                "write_accelerator_enabled": false
              }
            ],
            "tags": {},
            "vm_size": "Standard_B1s",
            "zones": null
          },
          "private": "bnVsbA==",
          "depends_on": [
            "azurerm_network_interface.mendedi-linux-nic",
            "azurerm_resource_group.mendedi-rg"
          ]
        }
      ]
    },
    {
      "module": "module.centos-02",
      "mode": "managed",
      "type": "azurerm_virtual_network",
      "name": "mendedi-linux-vnet",
      "provider": "provider.azurerm",
      "instances": [
        {
          "schema_version": 0,
          "attributes": {
            "address_space": [
              "20.0.0.0/22"
            ],
            "ddos_protection_plan": [],
            "dns_servers": null,
            "id": "/subscriptions/7b9bb5a0-79c7-4ce1-a100-1801e8f05013/resourceGroups/mendedi-rg-02/providers/Microsoft.Network/virtualNetworks/mendedi-linux-02-vnet",
            "location": "canadacentral",
            "name": "mendedi-linux-02-vnet",
            "resource_group_name": "mendedi-rg-02",
            "subnet": [],
            "tags": {}
          },
          "private": "bnVsbA==",
          "depends_on": [
            "azurerm_resource_group.mendedi-rg"
          ]
        }
      ]
    },
    {
      "module": "module.centos-01",
      "mode": "managed",
      "type": "azurerm_virtual_network",
      "name": "mendedi-linux-vnet",
      "provider": "provider.azurerm",
      "instances": [
        {
          "schema_version": 0,
          "attributes": {
            "address_space": [
              "10.0.0.0/22"
            ],
            "ddos_protection_plan": [],
            "dns_servers": null,
            "id": "/subscriptions/7b9bb5a0-79c7-4ce1-a100-1801e8f05013/resourceGroups/mendedi-rg-01/providers/Microsoft.Network/virtualNetworks/mendedi-linux-01-vnet",
            "location": "canadacentral",
            "name": "mendedi-linux-01-vnet",
            "resource_group_name": "mendedi-rg-01",
            "subnet": [],
            "tags": {}
          },
          "private": "bnVsbA==",
          "depends_on": [
            "azurerm_resource_group.mendedi-rg"
          ]
        }
      ]
    }
  ]
}
